{
    "_readme": [
        "This file locks the dependencies of your project to a known state",
        "Read more about it at https://getcomposer.org/doc/01-basic-usage.md#installing-dependencies",
        "This file is @generated automatically"
    ],
    "content-hash": "cda9b9b59aa3fdf418ec70aca328d975",
    "packages": [
        {
            "name": "azjezz/psl",
            "version": "2.0.x-dev",
            "source": {
                "type": "git",
                "url": "https://github.com/azjezz/psl.git",
                "reference": "f9b1decba65bacb7ab5faf0cccdefdaf6963c209"
            },
            "dist": {
                "type": "zip",
                "url": "https://api.github.com/repos/azjezz/psl/zipball/f9b1decba65bacb7ab5faf0cccdefdaf6963c209",
                "reference": "f9b1decba65bacb7ab5faf0cccdefdaf6963c209",
                "shasum": ""
            },
            "require": {
                "ext-bcmath": "*",
                "ext-intl": "*",
                "ext-json": "*",
                "ext-mbstring": "*",
                "ext-sodium": "*",
                "php": "~8.1.0",
                "revolt/event-loop": "1.x-dev"
            },
            "require-dev": {
                "friendsofphp/php-cs-fixer": "^3.2.1",
                "php-standard-library/psalm-plugin": "^1.1.1",
                "phpbench/phpbench": "^1.2.0",
                "phpunit/phpunit": "^9.5.10",
                "squizlabs/php_codesniffer": "^3.6.1",
                "vimeo/psalm": "^4.11.2"
            },
            "suggest": {
                "php-standard-library/psalm-plugin": "Psalm integration"
            },
            "default-branch": true,
            "type": "library",
            "extra": {
                "thanks": {
                    "name": "hhvm/hsl",
                    "url": "https://github.com/hhvm/hsl"
                }
            },
            "autoload": {
                "psr-4": {
                    "Psl\\": "src/Psl"
                },
                "files": [
                    "src/bootstrap.php"
                ]
            },
            "notification-url": "https://packagist.org/downloads/",
            "license": [
                "MIT"
            ],
            "authors": [
                {
                    "name": "azjezz",
                    "email": "azjezz@protonmail.com"
                }
            ],
            "description": "PHP Standard Library",
            "support": {
                "issues": "https://github.com/azjezz/psl/issues",
                "source": "https://github.com/azjezz/psl/tree/2.0.x"
            },
            "funding": [
                {
                    "url": "https://opencollective.com/php-standard-library",
                    "type": "open_collective"
                }
            ],
            "time": "2021-11-29T09:30:36+00:00"
        },
        {
            "name": "revolt/event-loop",
            "version": "dev-main",
            "source": {
                "type": "git",
                "url": "https://github.com/revoltphp/event-loop.git",
                "reference": "2683b2eb2d2f8f5a1a29eabcb7aefd0e6b0c0809"
            },
            "dist": {
                "type": "zip",
                "url": "https://api.github.com/repos/revoltphp/event-loop/zipball/2683b2eb2d2f8f5a1a29eabcb7aefd0e6b0c0809",
                "reference": "2683b2eb2d2f8f5a1a29eabcb7aefd0e6b0c0809",
                "shasum": ""
            },
            "require": {
                "php": ">=8.0.7"
            },
            "require-dev": {
                "ext-json": "*",
                "jetbrains/phpstorm-stubs": "^2019.3",
                "phpunit/phpunit": "^9",
                "psalm/phar": "^4.7"
            },
            "default-branch": true,
            "type": "library",
            "extra": {
                "branch-alias": {
                    "dev-main": "1.x-dev"
                }
            },
            "autoload": {
                "psr-4": {
                    "Revolt\\": "src"
                }
            },
            "notification-url": "https://packagist.org/downloads/",
            "license": [
                "MIT"
            ],
            "authors": [
                {
                    "name": "Aaron Piotrowski",
                    "email": "aaron@trowski.com"
                },
                {
                    "name": "Cees-Jan Kiewiet",
                    "email": "ceesjank@gmail.com"
                },
                {
                    "name": "Christian Lück",
                    "email": "christian@clue.engineering"
                },
                {
                    "name": "Niklas Keller",
                    "email": "me@kelunik.com"
                }
            ],
            "description": "Rock-solid event loop for concurrent PHP applications.",
            "keywords": [
                "async",
                "asynchronous",
                "concurrency",
                "event",
                "event-loop",
                "non-blocking",
                "scheduler"
            ],
            "support": {
                "issues": "https://github.com/revoltphp/event-loop/issues",
                "source": "https://github.com/revoltphp/event-loop/tree/main"
            },
            "time": "2021-11-25T21:02:56+00:00"
        }
    ],
    "packages-dev": [],
    "aliases": [],
    "minimum-stability": "stable",
    "stability-flags": {
        "azjezz/psl": 20,
        "revolt/event-loop": 20
    },
    "prefer-stable": false,
    "prefer-lowest": false,
    "platform": [],
    "platform-dev": [],
    "plugin-api-version": "2.1.0"
}
